// !$*UTF8*$!
{
	archiveVersion = 1;
	classes = {
	};
	objectVersion = 48;
	objects = {

/* Begin PBXBuildFile section */
		0F87F9DDC2AD9AC5B7B82D25 /* Pods_NearInstagramUITests.framework in Frameworks */ = {isa = PBXBuildFile; fileRef = F9CE3D44CA6E4528F81D131A /* Pods_NearInstagramUITests.framework */; };
		142F9724D04AFB46DE8F48F3 /* Pods_NearInstagramTests.framework in Frameworks */ = {isa = PBXBuildFile; fileRef = 9F7EE1976AD59AA0054F6A55 /* Pods_NearInstagramTests.framework */; };
		6E2129A5202D6BAA009E287E /* Colors.swift in Sources */ = {isa = PBXBuildFile; fileRef = 6E2129A4202D6BAA009E287E /* Colors.swift */; };
		6E4236A2202C638600CE8D45 /* PinTableViewCell.swift in Sources */ = {isa = PBXBuildFile; fileRef = 6E4236A1202C638600CE8D45 /* PinTableViewCell.swift */; };
		6E4236A4202C6AC400CE8D45 /* PinTableViewCell+UI.swift in Sources */ = {isa = PBXBuildFile; fileRef = 6E4236A3202C6AC400CE8D45 /* PinTableViewCell+UI.swift */; };
		6E9437B1202D9F9C008756ED /* BoardListViewController.swift in Sources */ = {isa = PBXBuildFile; fileRef = 6E9437B0202D9F9C008756ED /* BoardListViewController.swift */; };
		6E9437B3202DB6EA008756ED /* PhotoDetailsViewController.swift in Sources */ = {isa = PBXBuildFile; fileRef = 6E9437B2202DB6EA008756ED /* PhotoDetailsViewController.swift */; };
		7214A84220251786004360FD /* User.swift in Sources */ = {isa = PBXBuildFile; fileRef = 7214A84120251786004360FD /* User.swift */; };
		7214A84420251C7E004360FD /* UserCounts.swift in Sources */ = {isa = PBXBuildFile; fileRef = 7214A84320251C7E004360FD /* UserCounts.swift */; };
		7214A84620252235004360FD /* Media.swift in Sources */ = {isa = PBXBuildFile; fileRef = 7214A84520252235004360FD /* Media.swift */; };
		7214A84E20253110004360FD /* MediaReource.swift in Sources */ = {isa = PBXBuildFile; fileRef = 7214A84D20253110004360FD /* MediaReource.swift */; };
		7214A85220253489004360FD /* ApiRouter.swift in Sources */ = {isa = PBXBuildFile; fileRef = 7214A85120253489004360FD /* ApiRouter.swift */; };
		7214A85F202A54EB004360FD /* PhotosTabBarController.swift in Sources */ = {isa = PBXBuildFile; fileRef = 7214A85E202A54EB004360FD /* PhotosTabBarController.swift */; };
		7214A867202A611B004360FD /* LoginViewController+UI.swift in Sources */ = {isa = PBXBuildFile; fileRef = 7214A866202A611B004360FD /* LoginViewController+UI.swift */; };
		7214A86B202A698D004360FD /* BoardListViewController+UI.swift in Sources */ = {isa = PBXBuildFile; fileRef = 7214A86A202A698D004360FD /* BoardListViewController+UI.swift */; };
		7214A86D202A6DBC004360FD /* BoardManager.swift in Sources */ = {isa = PBXBuildFile; fileRef = 7214A86C202A6DBC004360FD /* BoardManager.swift */; };
		7214A86F202A6F58004360FD /* BoardDecoder.swift in Sources */ = {isa = PBXBuildFile; fileRef = 7214A86E202A6F58004360FD /* BoardDecoder.swift */; };
		724AB06B202B72560000C431 /* Localizable.strings in Resources */ = {isa = PBXBuildFile; fileRef = 724AB06D202B72560000C431 /* Localizable.strings */; };
		724AB070202B80240000C431 /* PinterestManager.swift in Sources */ = {isa = PBXBuildFile; fileRef = 724AB06F202B80240000C431 /* PinterestManager.swift */; };
		724AB072202BAEE50000C431 /* Pin.swift in Sources */ = {isa = PBXBuildFile; fileRef = 724AB071202BAEE50000C431 /* Pin.swift */; };
		724AB076202BCB9C0000C431 /* ParametersManager.swift in Sources */ = {isa = PBXBuildFile; fileRef = 724AB075202BCB9C0000C431 /* ParametersManager.swift */; };
		7287A802202276B7008C6938 /* AppDelegate.swift in Sources */ = {isa = PBXBuildFile; fileRef = 7287A801202276B7008C6938 /* AppDelegate.swift */; };
		7287A809202276B7008C6938 /* Assets.xcassets in Resources */ = {isa = PBXBuildFile; fileRef = 7287A808202276B7008C6938 /* Assets.xcassets */; };
		7287A80C202276B7008C6938 /* LaunchScreen.storyboard in Resources */ = {isa = PBXBuildFile; fileRef = 7287A80A202276B7008C6938 /* LaunchScreen.storyboard */; };
		7287A817202276B7008C6938 /* NearInstagramTests.swift in Sources */ = {isa = PBXBuildFile; fileRef = 7287A816202276B7008C6938 /* NearInstagramTests.swift */; };
		7287A822202276B7008C6938 /* NearInstagramUITests.swift in Sources */ = {isa = PBXBuildFile; fileRef = 7287A821202276B7008C6938 /* NearInstagramUITests.swift */; };
		7287A83620227933008C6938 /* ApiManager.swift in Sources */ = {isa = PBXBuildFile; fileRef = 7287A83520227933008C6938 /* ApiManager.swift */; };
		7287A83920227B42008C6938 /* LoginViewController.swift in Sources */ = {isa = PBXBuildFile; fileRef = 7287A83820227B42008C6938 /* LoginViewController.swift */; };
		7287A83B20227DF6008C6938 /* InstagramLoginManager.swift in Sources */ = {isa = PBXBuildFile; fileRef = 7287A83A20227DF6008C6938 /* InstagramLoginManager.swift */; };
		7287A83E20229897008C6938 /* DefaultKeys+AppKeys.swift in Sources */ = {isa = PBXBuildFile; fileRef = 7287A83D20229897008C6938 /* DefaultKeys+AppKeys.swift */; };
		72FE9124202CC3AD00BD3FD8 /* PhotosGridViewController.swift in Sources */ = {isa = PBXBuildFile; fileRef = 72FE9123202CC3AD00BD3FD8 /* PhotosGridViewController.swift */; };
		72FE9128202CC5ED00BD3FD8 /* PinCollectionViewCell.swift in Sources */ = {isa = PBXBuildFile; fileRef = 72FE9127202CC5ED00BD3FD8 /* PinCollectionViewCell.swift */; };
		72FE912A202CC76E00BD3FD8 /* PinCollectionViewCell+UI.swift in Sources */ = {isa = PBXBuildFile; fileRef = 72FE9129202CC76E00BD3FD8 /* PinCollectionViewCell+UI.swift */; };
		72FE912C202CCB8700BD3FD8 /* PhotosGridViewController+UI.swift in Sources */ = {isa = PBXBuildFile; fileRef = 72FE912B202CCB8700BD3FD8 /* PhotosGridViewController+UI.swift */; };
		72FE9131202CFF2C00BD3FD8 /* PhotosTabBarController+UI.swift in Sources */ = {isa = PBXBuildFile; fileRef = 72FE9130202CFF2C00BD3FD8 /* PhotosTabBarController+UI.swift */; };
		72FE9133202D02B500BD3FD8 /* ProfileMenuViewController.swift in Sources */ = {isa = PBXBuildFile; fileRef = 72FE9132202D02B500BD3FD8 /* ProfileMenuViewController.swift */; };
		72FE9137202D1B5300BD3FD8 /* ProfileMenuViewController+UI.swift in Sources */ = {isa = PBXBuildFile; fileRef = 72FE9136202D1B5300BD3FD8 /* ProfileMenuViewController+UI.swift */; };
		D22545C1D038E83A5ACF1848 /* Pods_NearInstagram.framework in Frameworks */ = {isa = PBXBuildFile; fileRef = 4DAD771299999D186E05AE33 /* Pods_NearInstagram.framework */; };
/* End PBXBuildFile section */

/* Begin PBXContainerItemProxy section */
		7287A813202276B7008C6938 /* PBXContainerItemProxy */ = {
			isa = PBXContainerItemProxy;
			containerPortal = 7287A7F6202276B7008C6938 /* Project object */;
			proxyType = 1;
			remoteGlobalIDString = 7287A7FD202276B7008C6938;
			remoteInfo = NearInstagram;
		};
		7287A81E202276B7008C6938 /* PBXContainerItemProxy */ = {
			isa = PBXContainerItemProxy;
			containerPortal = 7287A7F6202276B7008C6938 /* Project object */;
			proxyType = 1;
			remoteGlobalIDString = 7287A7FD202276B7008C6938;
			remoteInfo = NearInstagram;
		};
/* End PBXContainerItemProxy section */

/* Begin PBXFileReference section */
		0375687B5AA1B0C7C0B35158 /* Pods-NearInstagramUITests.debug.xcconfig */ = {isa = PBXFileReference; includeInIndex = 1; lastKnownFileType = text.xcconfig; name = "Pods-NearInstagramUITests.debug.xcconfig"; path = "Pods/Target Support Files/Pods-NearInstagramUITests/Pods-NearInstagramUITests.debug.xcconfig"; sourceTree = "<group>"; };
		4DAD771299999D186E05AE33 /* Pods_NearInstagram.framework */ = {isa = PBXFileReference; explicitFileType = wrapper.framework; includeInIndex = 0; path = Pods_NearInstagram.framework; sourceTree = BUILT_PRODUCTS_DIR; };
		6E2129A4202D6BAA009E287E /* Colors.swift */ = {isa = PBXFileReference; lastKnownFileType = sourcecode.swift; path = Colors.swift; sourceTree = "<group>"; };
		6E4236A1202C638600CE8D45 /* PinTableViewCell.swift */ = {isa = PBXFileReference; lastKnownFileType = sourcecode.swift; path = PinTableViewCell.swift; sourceTree = "<group>"; };
		6E4236A3202C6AC400CE8D45 /* PinTableViewCell+UI.swift */ = {isa = PBXFileReference; lastKnownFileType = sourcecode.swift; path = "PinTableViewCell+UI.swift"; sourceTree = "<group>"; };
		6E9437B0202D9F9C008756ED /* BoardListViewController.swift */ = {isa = PBXFileReference; fileEncoding = 4; lastKnownFileType = sourcecode.swift; path = BoardListViewController.swift; sourceTree = "<group>"; };
		6E9437B2202DB6EA008756ED /* PhotoDetailsViewController.swift */ = {isa = PBXFileReference; lastKnownFileType = sourcecode.swift; path = PhotoDetailsViewController.swift; sourceTree = "<group>"; };
		6EF16E36202B084700E506FC /* Instagram-Bridging-Header.h */ = {isa = PBXFileReference; lastKnownFileType = sourcecode.c.h; path = "Instagram-Bridging-Header.h"; sourceTree = "<group>"; };
		7214A84120251786004360FD /* User.swift */ = {isa = PBXFileReference; lastKnownFileType = sourcecode.swift; path = User.swift; sourceTree = "<group>"; };
		7214A84320251C7E004360FD /* UserCounts.swift */ = {isa = PBXFileReference; lastKnownFileType = sourcecode.swift; path = UserCounts.swift; sourceTree = "<group>"; };
		7214A84520252235004360FD /* Media.swift */ = {isa = PBXFileReference; lastKnownFileType = sourcecode.swift; path = Media.swift; sourceTree = "<group>"; };
		7214A84D20253110004360FD /* MediaReource.swift */ = {isa = PBXFileReference; lastKnownFileType = sourcecode.swift; path = MediaReource.swift; sourceTree = "<group>"; };
		7214A85120253489004360FD /* ApiRouter.swift */ = {isa = PBXFileReference; lastKnownFileType = sourcecode.swift; path = ApiRouter.swift; sourceTree = "<group>"; };
		7214A85E202A54EB004360FD /* PhotosTabBarController.swift */ = {isa = PBXFileReference; lastKnownFileType = sourcecode.swift; path = PhotosTabBarController.swift; sourceTree = "<group>"; };
		7214A866202A611B004360FD /* LoginViewController+UI.swift */ = {isa = PBXFileReference; lastKnownFileType = sourcecode.swift; path = "LoginViewController+UI.swift"; sourceTree = "<group>"; };
		7214A86A202A698D004360FD /* BoardListViewController+UI.swift */ = {isa = PBXFileReference; lastKnownFileType = sourcecode.swift; path = "BoardListViewController+UI.swift"; sourceTree = "<group>"; };
		7214A86C202A6DBC004360FD /* BoardManager.swift */ = {isa = PBXFileReference; lastKnownFileType = sourcecode.swift; path = BoardManager.swift; sourceTree = "<group>"; };
		7214A86E202A6F58004360FD /* BoardDecoder.swift */ = {isa = PBXFileReference; lastKnownFileType = sourcecode.swift; path = BoardDecoder.swift; sourceTree = "<group>"; };
		724AB06C202B72560000C431 /* en */ = {isa = PBXFileReference; lastKnownFileType = text.plist.strings; name = en; path = en.lproj/Localizable.strings; sourceTree = "<group>"; };
		724AB06E202B72890000C431 /* Base */ = {isa = PBXFileReference; lastKnownFileType = text.plist.strings; name = Base; path = Base.lproj/Localizable.strings; sourceTree = "<group>"; };
		724AB06F202B80240000C431 /* PinterestManager.swift */ = {isa = PBXFileReference; lastKnownFileType = sourcecode.swift; path = PinterestManager.swift; sourceTree = "<group>"; };
		724AB071202BAEE50000C431 /* Pin.swift */ = {isa = PBXFileReference; lastKnownFileType = sourcecode.swift; path = Pin.swift; sourceTree = "<group>"; };
		724AB075202BCB9C0000C431 /* ParametersManager.swift */ = {isa = PBXFileReference; lastKnownFileType = sourcecode.swift; path = ParametersManager.swift; sourceTree = "<group>"; };
		7287A7FE202276B7008C6938 /* NearInstagram.app */ = {isa = PBXFileReference; explicitFileType = wrapper.application; includeInIndex = 0; path = NearInstagram.app; sourceTree = BUILT_PRODUCTS_DIR; };
		7287A801202276B7008C6938 /* AppDelegate.swift */ = {isa = PBXFileReference; lastKnownFileType = sourcecode.swift; path = AppDelegate.swift; sourceTree = "<group>"; };
		7287A808202276B7008C6938 /* Assets.xcassets */ = {isa = PBXFileReference; lastKnownFileType = folder.assetcatalog; path = Assets.xcassets; sourceTree = "<group>"; };
		7287A80B202276B7008C6938 /* Base */ = {isa = PBXFileReference; lastKnownFileType = file.storyboard; name = Base; path = Base.lproj/LaunchScreen.storyboard; sourceTree = "<group>"; };
		7287A80D202276B7008C6938 /* Info.plist */ = {isa = PBXFileReference; lastKnownFileType = text.plist.xml; path = Info.plist; sourceTree = "<group>"; };
		7287A812202276B7008C6938 /* NearInstagramTests.xctest */ = {isa = PBXFileReference; explicitFileType = wrapper.cfbundle; includeInIndex = 0; path = NearInstagramTests.xctest; sourceTree = BUILT_PRODUCTS_DIR; };
		7287A816202276B7008C6938 /* NearInstagramTests.swift */ = {isa = PBXFileReference; lastKnownFileType = sourcecode.swift; path = NearInstagramTests.swift; sourceTree = "<group>"; };
		7287A818202276B7008C6938 /* Info.plist */ = {isa = PBXFileReference; lastKnownFileType = text.plist.xml; path = Info.plist; sourceTree = "<group>"; };
		7287A81D202276B7008C6938 /* NearInstagramUITests.xctest */ = {isa = PBXFileReference; explicitFileType = wrapper.cfbundle; includeInIndex = 0; path = NearInstagramUITests.xctest; sourceTree = BUILT_PRODUCTS_DIR; };
		7287A821202276B7008C6938 /* NearInstagramUITests.swift */ = {isa = PBXFileReference; lastKnownFileType = sourcecode.swift; path = NearInstagramUITests.swift; sourceTree = "<group>"; };
		7287A823202276B7008C6938 /* Info.plist */ = {isa = PBXFileReference; lastKnownFileType = text.plist.xml; path = Info.plist; sourceTree = "<group>"; };
		7287A83520227933008C6938 /* ApiManager.swift */ = {isa = PBXFileReference; lastKnownFileType = sourcecode.swift; path = ApiManager.swift; sourceTree = "<group>"; };
		7287A83820227B42008C6938 /* LoginViewController.swift */ = {isa = PBXFileReference; lastKnownFileType = sourcecode.swift; path = LoginViewController.swift; sourceTree = "<group>"; };
		7287A83A20227DF6008C6938 /* InstagramLoginManager.swift */ = {isa = PBXFileReference; lastKnownFileType = sourcecode.swift; path = InstagramLoginManager.swift; sourceTree = "<group>"; };
		7287A83D20229897008C6938 /* DefaultKeys+AppKeys.swift */ = {isa = PBXFileReference; lastKnownFileType = sourcecode.swift; path = "DefaultKeys+AppKeys.swift"; sourceTree = "<group>"; };
		72FE9123202CC3AD00BD3FD8 /* PhotosGridViewController.swift */ = {isa = PBXFileReference; lastKnownFileType = sourcecode.swift; path = PhotosGridViewController.swift; sourceTree = "<group>"; };
		72FE9127202CC5ED00BD3FD8 /* PinCollectionViewCell.swift */ = {isa = PBXFileReference; lastKnownFileType = sourcecode.swift; path = PinCollectionViewCell.swift; sourceTree = "<group>"; };
		72FE9129202CC76E00BD3FD8 /* PinCollectionViewCell+UI.swift */ = {isa = PBXFileReference; lastKnownFileType = sourcecode.swift; path = "PinCollectionViewCell+UI.swift"; sourceTree = "<group>"; };
		72FE912B202CCB8700BD3FD8 /* PhotosGridViewController+UI.swift */ = {isa = PBXFileReference; lastKnownFileType = sourcecode.swift; path = "PhotosGridViewController+UI.swift"; sourceTree = "<group>"; };
		72FE9130202CFF2C00BD3FD8 /* PhotosTabBarController+UI.swift */ = {isa = PBXFileReference; lastKnownFileType = sourcecode.swift; path = "PhotosTabBarController+UI.swift"; sourceTree = "<group>"; };
		72FE9132202D02B500BD3FD8 /* ProfileMenuViewController.swift */ = {isa = PBXFileReference; lastKnownFileType = sourcecode.swift; path = ProfileMenuViewController.swift; sourceTree = "<group>"; };
		72FE9136202D1B5300BD3FD8 /* ProfileMenuViewController+UI.swift */ = {isa = PBXFileReference; lastKnownFileType = sourcecode.swift; path = "ProfileMenuViewController+UI.swift"; sourceTree = "<group>"; };
		9BEB8195384DEE7AD6E01637 /* Pods-NearInstagramTests.debug.xcconfig */ = {isa = PBXFileReference; includeInIndex = 1; lastKnownFileType = text.xcconfig; name = "Pods-NearInstagramTests.debug.xcconfig"; path = "Pods/Target Support Files/Pods-NearInstagramTests/Pods-NearInstagramTests.debug.xcconfig"; sourceTree = "<group>"; };
		9F7EE1976AD59AA0054F6A55 /* Pods_NearInstagramTests.framework */ = {isa = PBXFileReference; explicitFileType = wrapper.framework; includeInIndex = 0; path = Pods_NearInstagramTests.framework; sourceTree = BUILT_PRODUCTS_DIR; };
		A325EBFC510255A2A76924C0 /* Pods-NearInstagramUITests.release.xcconfig */ = {isa = PBXFileReference; includeInIndex = 1; lastKnownFileType = text.xcconfig; name = "Pods-NearInstagramUITests.release.xcconfig"; path = "Pods/Target Support Files/Pods-NearInstagramUITests/Pods-NearInstagramUITests.release.xcconfig"; sourceTree = "<group>"; };
		B3C30FFB889416A325C4B17A /* Pods-NearInstagramTests.release.xcconfig */ = {isa = PBXFileReference; includeInIndex = 1; lastKnownFileType = text.xcconfig; name = "Pods-NearInstagramTests.release.xcconfig"; path = "Pods/Target Support Files/Pods-NearInstagramTests/Pods-NearInstagramTests.release.xcconfig"; sourceTree = "<group>"; };
		E8DCEC768AE506D1683AFB16 /* Pods-NearInstagram.release.xcconfig */ = {isa = PBXFileReference; includeInIndex = 1; lastKnownFileType = text.xcconfig; name = "Pods-NearInstagram.release.xcconfig"; path = "Pods/Target Support Files/Pods-NearInstagram/Pods-NearInstagram.release.xcconfig"; sourceTree = "<group>"; };
		F4652B95FE016840F93BD240 /* Pods-NearInstagram.debug.xcconfig */ = {isa = PBXFileReference; includeInIndex = 1; lastKnownFileType = text.xcconfig; name = "Pods-NearInstagram.debug.xcconfig"; path = "Pods/Target Support Files/Pods-NearInstagram/Pods-NearInstagram.debug.xcconfig"; sourceTree = "<group>"; };
		F9CE3D44CA6E4528F81D131A /* Pods_NearInstagramUITests.framework */ = {isa = PBXFileReference; explicitFileType = wrapper.framework; includeInIndex = 0; path = Pods_NearInstagramUITests.framework; sourceTree = BUILT_PRODUCTS_DIR; };
/* End PBXFileReference section */

/* Begin PBXFrameworksBuildPhase section */
		7287A7FB202276B7008C6938 /* Frameworks */ = {
			isa = PBXFrameworksBuildPhase;
			buildActionMask = 2147483647;
			files = (
				D22545C1D038E83A5ACF1848 /* Pods_NearInstagram.framework in Frameworks */,
			);
			runOnlyForDeploymentPostprocessing = 0;
		};
		7287A80F202276B7008C6938 /* Frameworks */ = {
			isa = PBXFrameworksBuildPhase;
			buildActionMask = 2147483647;
			files = (
				142F9724D04AFB46DE8F48F3 /* Pods_NearInstagramTests.framework in Frameworks */,
			);
			runOnlyForDeploymentPostprocessing = 0;
		};
		7287A81A202276B7008C6938 /* Frameworks */ = {
			isa = PBXFrameworksBuildPhase;
			buildActionMask = 2147483647;
			files = (
				0F87F9DDC2AD9AC5B7B82D25 /* Pods_NearInstagramUITests.framework in Frameworks */,
			);
			runOnlyForDeploymentPostprocessing = 0;
		};
/* End PBXFrameworksBuildPhase section */

/* Begin PBXGroup section */
		10524292EBE38E83CC1FEC54 /* Frameworks */ = {
			isa = PBXGroup;
			children = (
				4DAD771299999D186E05AE33 /* Pods_NearInstagram.framework */,
				9F7EE1976AD59AA0054F6A55 /* Pods_NearInstagramTests.framework */,
				F9CE3D44CA6E4528F81D131A /* Pods_NearInstagramUITests.framework */,
			);
			name = Frameworks;
			sourceTree = "<group>";
		};
		6E2129A3202D6B99009E287E /* Constants */ = {
			isa = PBXGroup;
			children = (
				6E2129A4202D6BAA009E287E /* Colors.swift */,
			);
			path = Constants;
			sourceTree = "<group>";
		};
		6E4236A0202C636300CE8D45 /* Cells */ = {
			isa = PBXGroup;
			children = (
				6E4236A1202C638600CE8D45 /* PinTableViewCell.swift */,
				72FE9127202CC5ED00BD3FD8 /* PinCollectionViewCell.swift */,
			);
			path = Cells;
			sourceTree = "<group>";
		};
		7214A859202A2505004360FD /* Photos */ = {
			isa = PBXGroup;
			children = (
				7214A86A202A698D004360FD /* BoardListViewController+UI.swift */,
				72FE912B202CCB8700BD3FD8 /* PhotosGridViewController+UI.swift */,
				6E4236A3202C6AC400CE8D45 /* PinTableViewCell+UI.swift */,
				72FE9129202CC76E00BD3FD8 /* PinCollectionViewCell+UI.swift */,
				72FE9130202CFF2C00BD3FD8 /* PhotosTabBarController+UI.swift */,
			);
			path = Photos;
			sourceTree = "<group>";
		};
		7214A85A202A2A2D004360FD /* Login */ = {
			isa = PBXGroup;
			children = (
				7214A866202A611B004360FD /* LoginViewController+UI.swift */,
			);
			path = Login;
			sourceTree = "<group>";
		};
		7214A85D202A54C8004360FD /* Photos */ = {
			isa = PBXGroup;
			children = (
				6E9437B0202D9F9C008756ED /* BoardListViewController.swift */,
				72FE9123202CC3AD00BD3FD8 /* PhotosGridViewController.swift */,
				6E9437B2202DB6EA008756ED /* PhotoDetailsViewController.swift */,
			);
			path = Photos;
			sourceTree = "<group>";
		};
		724AB066202B6D5C0000C431 /* Resources */ = {
			isa = PBXGroup;
			children = (
				7287A808202276B7008C6938 /* Assets.xcassets */,
				724AB06D202B72560000C431 /* Localizable.strings */,
			);
			path = Resources;
			sourceTree = "<group>";
		};
		7287A7F5202276B7008C6938 = {
			isa = PBXGroup;
			children = (
				7287A800202276B7008C6938 /* NearInstagram */,
				7287A815202276B7008C6938 /* NearInstagramTests */,
				7287A820202276B7008C6938 /* NearInstagramUITests */,
				7287A7FF202276B7008C6938 /* Products */,
				F8E20FBC45632EC9D0CF61AA /* Pods */,
				10524292EBE38E83CC1FEC54 /* Frameworks */,
			);
			sourceTree = "<group>";
		};
		7287A7FF202276B7008C6938 /* Products */ = {
			isa = PBXGroup;
			children = (
				7287A7FE202276B7008C6938 /* NearInstagram.app */,
				7287A812202276B7008C6938 /* NearInstagramTests.xctest */,
				7287A81D202276B7008C6938 /* NearInstagramUITests.xctest */,
			);
			name = Products;
			sourceTree = "<group>";
		};
		7287A800202276B7008C6938 /* NearInstagram */ = {
			isa = PBXGroup;
			children = (
				724AB066202B6D5C0000C431 /* Resources */,
				7287A83320227899008C6938 /* Networking */,
				7287A83220227893008C6938 /* Common */,
				7287A8312022788C008C6938 /* Views */,
				7287A83020227885008C6938 /* Models */,
				7287A82F2022786E008C6938 /* Controllers */,
				7287A801202276B7008C6938 /* AppDelegate.swift */,
				7287A80A202276B7008C6938 /* LaunchScreen.storyboard */,
				7287A80D202276B7008C6938 /* Info.plist */,
				6EF16E36202B084700E506FC /* Instagram-Bridging-Header.h */,
			);
			path = NearInstagram;
			sourceTree = "<group>";
		};
		7287A815202276B7008C6938 /* NearInstagramTests */ = {
			isa = PBXGroup;
			children = (
				7287A816202276B7008C6938 /* NearInstagramTests.swift */,
				7287A818202276B7008C6938 /* Info.plist */,
			);
			path = NearInstagramTests;
			sourceTree = "<group>";
		};
		7287A820202276B7008C6938 /* NearInstagramUITests */ = {
			isa = PBXGroup;
			children = (
				7287A821202276B7008C6938 /* NearInstagramUITests.swift */,
				7287A823202276B7008C6938 /* Info.plist */,
			);
			path = NearInstagramUITests;
			sourceTree = "<group>";
		};
		7287A82F2022786E008C6938 /* Controllers */ = {
			isa = PBXGroup;
			children = (
				72FE9134202D18FD00BD3FD8 /* Profile */,
				72FE912F202CF9D600BD3FD8 /* Navigation */,
				6E4236A0202C636300CE8D45 /* Cells */,
				7214A85D202A54C8004360FD /* Photos */,
				7287A83720227B07008C6938 /* Login */,
			);
			path = Controllers;
			sourceTree = "<group>";
		};
		7287A83020227885008C6938 /* Models */ = {
			isa = PBXGroup;
			children = (
				7214A84120251786004360FD /* User.swift */,
				7214A84320251C7E004360FD /* UserCounts.swift */,
				7214A84520252235004360FD /* Media.swift */,
				7214A84D20253110004360FD /* MediaReource.swift */,
				724AB071202BAEE50000C431 /* Pin.swift */,
			);
			path = Models;
			sourceTree = "<group>";
		};
		7287A8312022788C008C6938 /* Views */ = {
			isa = PBXGroup;
			children = (
				72FE9135202D1B4000BD3FD8 /* Profile */,
				7214A85A202A2A2D004360FD /* Login */,
				7214A859202A2505004360FD /* Photos */,
			);
			path = Views;
			sourceTree = "<group>";
		};
		7287A83220227893008C6938 /* Common */ = {
			isa = PBXGroup;
			children = (
				6E2129A3202D6B99009E287E /* Constants */,
				7287A83C20229859008C6938 /* Extensions */,
				7287A83A20227DF6008C6938 /* InstagramLoginManager.swift */,
				724AB06F202B80240000C431 /* PinterestManager.swift */,
			);
			path = Common;
			sourceTree = "<group>";
		};
		7287A83320227899008C6938 /* Networking */ = {
			isa = PBXGroup;
			children = (
				7287A83520227933008C6938 /* ApiManager.swift */,
				7214A85120253489004360FD /* ApiRouter.swift */,
				7214A86C202A6DBC004360FD /* BoardManager.swift */,
				7214A86E202A6F58004360FD /* BoardDecoder.swift */,
				724AB075202BCB9C0000C431 /* ParametersManager.swift */,
			);
			path = Networking;
			sourceTree = "<group>";
		};
		7287A83720227B07008C6938 /* Login */ = {
			isa = PBXGroup;
			children = (
				7287A83820227B42008C6938 /* LoginViewController.swift */,
			);
			path = Login;
			sourceTree = "<group>";
		};
		7287A83C20229859008C6938 /* Extensions */ = {
			isa = PBXGroup;
			children = (
				7287A83D20229897008C6938 /* DefaultKeys+AppKeys.swift */,
			);
			path = Extensions;
			sourceTree = "<group>";
		};
		72FE912F202CF9D600BD3FD8 /* Navigation */ = {
			isa = PBXGroup;
			children = (
				7214A85E202A54EB004360FD /* PhotosTabBarController.swift */,
			);
			path = Navigation;
			sourceTree = "<group>";
		};
		72FE9134202D18FD00BD3FD8 /* Profile */ = {
			isa = PBXGroup;
			children = (
				72FE9132202D02B500BD3FD8 /* ProfileMenuViewController.swift */,
			);
			path = Profile;
			sourceTree = "<group>";
		};
		72FE9135202D1B4000BD3FD8 /* Profile */ = {
			isa = PBXGroup;
			children = (
				72FE9136202D1B5300BD3FD8 /* ProfileMenuViewController+UI.swift */,
			);
			path = Profile;
			sourceTree = "<group>";
		};
		F8E20FBC45632EC9D0CF61AA /* Pods */ = {
			isa = PBXGroup;
			children = (
				F4652B95FE016840F93BD240 /* Pods-NearInstagram.debug.xcconfig */,
				E8DCEC768AE506D1683AFB16 /* Pods-NearInstagram.release.xcconfig */,
				9BEB8195384DEE7AD6E01637 /* Pods-NearInstagramTests.debug.xcconfig */,
				B3C30FFB889416A325C4B17A /* Pods-NearInstagramTests.release.xcconfig */,
				0375687B5AA1B0C7C0B35158 /* Pods-NearInstagramUITests.debug.xcconfig */,
				A325EBFC510255A2A76924C0 /* Pods-NearInstagramUITests.release.xcconfig */,
			);
			name = Pods;
			sourceTree = "<group>";
		};
/* End PBXGroup section */

/* Begin PBXNativeTarget section */
		7287A7FD202276B7008C6938 /* NearInstagram */ = {
			isa = PBXNativeTarget;
			buildConfigurationList = 7287A826202276B7008C6938 /* Build configuration list for PBXNativeTarget "NearInstagram" */;
			buildPhases = (
				72616622F5BA42C426E6204E /* [CP] Check Pods Manifest.lock */,
				7287A7FA202276B7008C6938 /* Sources */,
				7287A7FB202276B7008C6938 /* Frameworks */,
				7287A7FC202276B7008C6938 /* Resources */,
				3631564BB8A891E4C1C3C427 /* [CP] Embed Pods Frameworks */,
				47430121744025CD634659F5 /* [CP] Copy Pods Resources */,
			);
			buildRules = (
			);
			dependencies = (
			);
			name = NearInstagram;
			productName = NearInstagram;
			productReference = 7287A7FE202276B7008C6938 /* NearInstagram.app */;
			productType = "com.apple.product-type.application";
		};
		7287A811202276B7008C6938 /* NearInstagramTests */ = {
			isa = PBXNativeTarget;
			buildConfigurationList = 7287A829202276B7008C6938 /* Build configuration list for PBXNativeTarget "NearInstagramTests" */;
			buildPhases = (
				3779FAA4663CC811124858D6 /* [CP] Check Pods Manifest.lock */,
				7287A80E202276B7008C6938 /* Sources */,
				7287A80F202276B7008C6938 /* Frameworks */,
				7287A810202276B7008C6938 /* Resources */,
				1161F425D0FBA564CCD41DE7 /* [CP] Embed Pods Frameworks */,
				28E56F6D1B6311EFAB228AA4 /* [CP] Copy Pods Resources */,
			);
			buildRules = (
			);
			dependencies = (
				7287A814202276B7008C6938 /* PBXTargetDependency */,
			);
			name = NearInstagramTests;
			productName = NearInstagramTests;
			productReference = 7287A812202276B7008C6938 /* NearInstagramTests.xctest */;
			productType = "com.apple.product-type.bundle.unit-test";
		};
		7287A81C202276B7008C6938 /* NearInstagramUITests */ = {
			isa = PBXNativeTarget;
			buildConfigurationList = 7287A82C202276B7008C6938 /* Build configuration list for PBXNativeTarget "NearInstagramUITests" */;
			buildPhases = (
				BB4D950465861DCC9375EB42 /* [CP] Check Pods Manifest.lock */,
				7287A819202276B7008C6938 /* Sources */,
				7287A81A202276B7008C6938 /* Frameworks */,
				7287A81B202276B7008C6938 /* Resources */,
				7B9492A91CC3DD2DC11CCCC1 /* [CP] Embed Pods Frameworks */,
				F0897799752596105B4D76FB /* [CP] Copy Pods Resources */,
			);
			buildRules = (
			);
			dependencies = (
				7287A81F202276B7008C6938 /* PBXTargetDependency */,
			);
			name = NearInstagramUITests;
			productName = NearInstagramUITests;
			productReference = 7287A81D202276B7008C6938 /* NearInstagramUITests.xctest */;
			productType = "com.apple.product-type.bundle.ui-testing";
		};
/* End PBXNativeTarget section */

/* Begin PBXProject section */
		7287A7F6202276B7008C6938 /* Project object */ = {
			isa = PBXProject;
			attributes = {
				LastSwiftUpdateCheck = 0920;
				LastUpgradeCheck = 0920;
				ORGANIZATIONNAME = nearsoft;
				TargetAttributes = {
					7287A7FD202276B7008C6938 = {
						CreatedOnToolsVersion = 9.2;
						ProvisioningStyle = Automatic;
					};
					7287A811202276B7008C6938 = {
						CreatedOnToolsVersion = 9.2;
						ProvisioningStyle = Automatic;
						TestTargetID = 7287A7FD202276B7008C6938;
					};
					7287A81C202276B7008C6938 = {
						CreatedOnToolsVersion = 9.2;
						ProvisioningStyle = Automatic;
						TestTargetID = 7287A7FD202276B7008C6938;
					};
				};
			};
			buildConfigurationList = 7287A7F9202276B7008C6938 /* Build configuration list for PBXProject "NearInstagram" */;
			compatibilityVersion = "Xcode 8.0";
			developmentRegion = en;
			hasScannedForEncodings = 0;
			knownRegions = (
				en,
				Base,
			);
			mainGroup = 7287A7F5202276B7008C6938;
			productRefGroup = 7287A7FF202276B7008C6938 /* Products */;
			projectDirPath = "";
			projectRoot = "";
			targets = (
				7287A7FD202276B7008C6938 /* NearInstagram */,
				7287A811202276B7008C6938 /* NearInstagramTests */,
				7287A81C202276B7008C6938 /* NearInstagramUITests */,
			);
		};
/* End PBXProject section */

/* Begin PBXResourcesBuildPhase section */
		7287A7FC202276B7008C6938 /* Resources */ = {
			isa = PBXResourcesBuildPhase;
			buildActionMask = 2147483647;
			files = (
				7287A80C202276B7008C6938 /* LaunchScreen.storyboard in Resources */,
				724AB06B202B72560000C431 /* Localizable.strings in Resources */,
				7287A809202276B7008C6938 /* Assets.xcassets in Resources */,
			);
			runOnlyForDeploymentPostprocessing = 0;
		};
		7287A810202276B7008C6938 /* Resources */ = {
			isa = PBXResourcesBuildPhase;
			buildActionMask = 2147483647;
			files = (
			);
			runOnlyForDeploymentPostprocessing = 0;
		};
		7287A81B202276B7008C6938 /* Resources */ = {
			isa = PBXResourcesBuildPhase;
			buildActionMask = 2147483647;
			files = (
			);
			runOnlyForDeploymentPostprocessing = 0;
		};
/* End PBXResourcesBuildPhase section */

/* Begin PBXShellScriptBuildPhase section */
		1161F425D0FBA564CCD41DE7 /* [CP] Embed Pods Frameworks */ = {
			isa = PBXShellScriptBuildPhase;
			buildActionMask = 2147483647;
			files = (
			);
			inputPaths = (
			);
			name = "[CP] Embed Pods Frameworks";
			outputPaths = (
			);
			runOnlyForDeploymentPostprocessing = 0;
			shellPath = /bin/sh;
			shellScript = "\"${SRCROOT}/Pods/Target Support Files/Pods-NearInstagramTests/Pods-NearInstagramTests-frameworks.sh\"\n";
			showEnvVarsInLog = 0;
		};
		28E56F6D1B6311EFAB228AA4 /* [CP] Copy Pods Resources */ = {
			isa = PBXShellScriptBuildPhase;
			buildActionMask = 2147483647;
			files = (
			);
			inputPaths = (
			);
			name = "[CP] Copy Pods Resources";
			outputPaths = (
			);
			runOnlyForDeploymentPostprocessing = 0;
			shellPath = /bin/sh;
			shellScript = "\"${SRCROOT}/Pods/Target Support Files/Pods-NearInstagramTests/Pods-NearInstagramTests-resources.sh\"\n";
			showEnvVarsInLog = 0;
		};
		3631564BB8A891E4C1C3C427 /* [CP] Embed Pods Frameworks */ = {
			isa = PBXShellScriptBuildPhase;
			buildActionMask = 2147483647;
			files = (
			);
			inputPaths = (
				"${SRCROOT}/Pods/Target Support Files/Pods-NearInstagram/Pods-NearInstagram-frameworks.sh",
				"${BUILT_PRODUCTS_DIR}/AFNetworking/AFNetworking.framework",
				"${BUILT_PRODUCTS_DIR}/Alamofire/Alamofire.framework",
				"${BUILT_PRODUCTS_DIR}/Kingfisher/Kingfisher.framework",
				"${BUILT_PRODUCTS_DIR}/LKAlertController/LKAlertController.framework",
				"${BUILT_PRODUCTS_DIR}/ObjectMapper/ObjectMapper.framework",
				"${BUILT_PRODUCTS_DIR}/PinterestSDK/PinterestSDK.framework",
				"${BUILT_PRODUCTS_DIR}/PromiseKit/PromiseKit.framework",
				"${BUILT_PRODUCTS_DIR}/PureLayout/PureLayout.framework",
				"${BUILT_PRODUCTS_DIR}/SAMKeychain/SAMKeychain.framework",
				"${BUILT_PRODUCTS_DIR}/SwiftyJSON/SwiftyJSON.framework",
				"${BUILT_PRODUCTS_DIR}/SwiftyUserDefaults/SwiftyUserDefaults.framework",
			);
			name = "[CP] Embed Pods Frameworks";
			outputPaths = (
				"${TARGET_BUILD_DIR}/${FRAMEWORKS_FOLDER_PATH}/AFNetworking.framework",
				"${TARGET_BUILD_DIR}/${FRAMEWORKS_FOLDER_PATH}/Alamofire.framework",
				"${TARGET_BUILD_DIR}/${FRAMEWORKS_FOLDER_PATH}/Kingfisher.framework",
				"${TARGET_BUILD_DIR}/${FRAMEWORKS_FOLDER_PATH}/LKAlertController.framework",
				"${TARGET_BUILD_DIR}/${FRAMEWORKS_FOLDER_PATH}/ObjectMapper.framework",
				"${TARGET_BUILD_DIR}/${FRAMEWORKS_FOLDER_PATH}/PinterestSDK.framework",
				"${TARGET_BUILD_DIR}/${FRAMEWORKS_FOLDER_PATH}/PromiseKit.framework",
				"${TARGET_BUILD_DIR}/${FRAMEWORKS_FOLDER_PATH}/PureLayout.framework",
				"${TARGET_BUILD_DIR}/${FRAMEWORKS_FOLDER_PATH}/SAMKeychain.framework",
				"${TARGET_BUILD_DIR}/${FRAMEWORKS_FOLDER_PATH}/SwiftyJSON.framework",
				"${TARGET_BUILD_DIR}/${FRAMEWORKS_FOLDER_PATH}/SwiftyUserDefaults.framework",
			);
			runOnlyForDeploymentPostprocessing = 0;
			shellPath = /bin/sh;
			shellScript = "\"${SRCROOT}/Pods/Target Support Files/Pods-NearInstagram/Pods-NearInstagram-frameworks.sh\"\n";
			showEnvVarsInLog = 0;
		};
		3779FAA4663CC811124858D6 /* [CP] Check Pods Manifest.lock */ = {
			isa = PBXShellScriptBuildPhase;
			buildActionMask = 2147483647;
			files = (
			);
			inputPaths = (
				"${PODS_PODFILE_DIR_PATH}/Podfile.lock",
				"${PODS_ROOT}/Manifest.lock",
			);
			name = "[CP] Check Pods Manifest.lock";
			outputPaths = (
				"$(DERIVED_FILE_DIR)/Pods-NearInstagramTests-checkManifestLockResult.txt",
			);
			runOnlyForDeploymentPostprocessing = 0;
			shellPath = /bin/sh;
			shellScript = "diff \"${PODS_PODFILE_DIR_PATH}/Podfile.lock\" \"${PODS_ROOT}/Manifest.lock\" > /dev/null\nif [ $? != 0 ] ; then\n    # print error to STDERR\n    echo \"error: The sandbox is not in sync with the Podfile.lock. Run 'pod install' or update your CocoaPods installation.\" >&2\n    exit 1\nfi\n# This output is used by Xcode 'outputs' to avoid re-running this script phase.\necho \"SUCCESS\" > \"${SCRIPT_OUTPUT_FILE_0}\"\n";
			showEnvVarsInLog = 0;
		};
		47430121744025CD634659F5 /* [CP] Copy Pods Resources */ = {
			isa = PBXShellScriptBuildPhase;
			buildActionMask = 2147483647;
			files = (
			);
			inputPaths = (
			);
			name = "[CP] Copy Pods Resources";
			outputPaths = (
			);
			runOnlyForDeploymentPostprocessing = 0;
			shellPath = /bin/sh;
			shellScript = "\"${SRCROOT}/Pods/Target Support Files/Pods-NearInstagram/Pods-NearInstagram-resources.sh\"\n";
			showEnvVarsInLog = 0;
		};
		72616622F5BA42C426E6204E /* [CP] Check Pods Manifest.lock */ = {
			isa = PBXShellScriptBuildPhase;
			buildActionMask = 2147483647;
			files = (
			);
			inputPaths = (
				"${PODS_PODFILE_DIR_PATH}/Podfile.lock",
				"${PODS_ROOT}/Manifest.lock",
			);
			name = "[CP] Check Pods Manifest.lock";
			outputPaths = (
				"$(DERIVED_FILE_DIR)/Pods-NearInstagram-checkManifestLockResult.txt",
			);
			runOnlyForDeploymentPostprocessing = 0;
			shellPath = /bin/sh;
			shellScript = "diff \"${PODS_PODFILE_DIR_PATH}/Podfile.lock\" \"${PODS_ROOT}/Manifest.lock\" > /dev/null\nif [ $? != 0 ] ; then\n    # print error to STDERR\n    echo \"error: The sandbox is not in sync with the Podfile.lock. Run 'pod install' or update your CocoaPods installation.\" >&2\n    exit 1\nfi\n# This output is used by Xcode 'outputs' to avoid re-running this script phase.\necho \"SUCCESS\" > \"${SCRIPT_OUTPUT_FILE_0}\"\n";
			showEnvVarsInLog = 0;
		};
		7B9492A91CC3DD2DC11CCCC1 /* [CP] Embed Pods Frameworks */ = {
			isa = PBXShellScriptBuildPhase;
			buildActionMask = 2147483647;
			files = (
			);
			inputPaths = (
			);
			name = "[CP] Embed Pods Frameworks";
			outputPaths = (
			);
			runOnlyForDeploymentPostprocessing = 0;
			shellPath = /bin/sh;
			shellScript = "\"${SRCROOT}/Pods/Target Support Files/Pods-NearInstagramUITests/Pods-NearInstagramUITests-frameworks.sh\"\n";
			showEnvVarsInLog = 0;
		};
		BB4D950465861DCC9375EB42 /* [CP] Check Pods Manifest.lock */ = {
			isa = PBXShellScriptBuildPhase;
			buildActionMask = 2147483647;
			files = (
			);
			inputPaths = (
				"${PODS_PODFILE_DIR_PATH}/Podfile.lock",
				"${PODS_ROOT}/Manifest.lock",
			);
			name = "[CP] Check Pods Manifest.lock";
			outputPaths = (
				"$(DERIVED_FILE_DIR)/Pods-NearInstagramUITests-checkManifestLockResult.txt",
			);
			runOnlyForDeploymentPostprocessing = 0;
			shellPath = /bin/sh;
			shellScript = "diff \"${PODS_PODFILE_DIR_PATH}/Podfile.lock\" \"${PODS_ROOT}/Manifest.lock\" > /dev/null\nif [ $? != 0 ] ; then\n    # print error to STDERR\n    echo \"error: The sandbox is not in sync with the Podfile.lock. Run 'pod install' or update your CocoaPods installation.\" >&2\n    exit 1\nfi\n# This output is used by Xcode 'outputs' to avoid re-running this script phase.\necho \"SUCCESS\" > \"${SCRIPT_OUTPUT_FILE_0}\"\n";
			showEnvVarsInLog = 0;
		};
		F0897799752596105B4D76FB /* [CP] Copy Pods Resources */ = {
			isa = PBXShellScriptBuildPhase;
			buildActionMask = 2147483647;
			files = (
			);
			inputPaths = (
			);
			name = "[CP] Copy Pods Resources";
			outputPaths = (
			);
			runOnlyForDeploymentPostprocessing = 0;
			shellPath = /bin/sh;
			shellScript = "\"${SRCROOT}/Pods/Target Support Files/Pods-NearInstagramUITests/Pods-NearInstagramUITests-resources.sh\"\n";
			showEnvVarsInLog = 0;
		};
/* End PBXShellScriptBuildPhase section */

/* Begin PBXSourcesBuildPhase section */
		7287A7FA202276B7008C6938 /* Sources */ = {
			isa = PBXSourcesBuildPhase;
			buildActionMask = 2147483647;
			files = (
				724AB072202BAEE50000C431 /* Pin.swift in Sources */,
				7214A86B202A698D004360FD /* BoardListViewController+UI.swift in Sources */,
				6E4236A2202C638600CE8D45 /* PinTableViewCell.swift in Sources */,
				6E2129A5202D6BAA009E287E /* Colors.swift in Sources */,
				724AB070202B80240000C431 /* PinterestManager.swift in Sources */,
				7214A86F202A6F58004360FD /* BoardDecoder.swift in Sources */,
				7214A84420251C7E004360FD /* UserCounts.swift in Sources */,
				72FE9131202CFF2C00BD3FD8 /* PhotosTabBarController+UI.swift in Sources */,
				72FE912A202CC76E00BD3FD8 /* PinCollectionViewCell+UI.swift in Sources */,
				7287A83B20227DF6008C6938 /* InstagramLoginManager.swift in Sources */,
				7214A86D202A6DBC004360FD /* BoardManager.swift in Sources */,
				7287A83920227B42008C6938 /* LoginViewController.swift in Sources */,
				7214A85220253489004360FD /* ApiRouter.swift in Sources */,
				6E9437B1202D9F9C008756ED /* BoardListViewController.swift in Sources */,
				7214A84220251786004360FD /* User.swift in Sources */,
				7287A83E20229897008C6938 /* DefaultKeys+AppKeys.swift in Sources */,
				7214A867202A611B004360FD /* LoginViewController+UI.swift in Sources */,
				7214A85F202A54EB004360FD /* PhotosTabBarController.swift in Sources */,
				6E9437B3202DB6EA008756ED /* PhotoDetailsViewController.swift in Sources */,
				72FE9124202CC3AD00BD3FD8 /* PhotosGridViewController.swift in Sources */,
				7287A83620227933008C6938 /* ApiManager.swift in Sources */,
				72FE9137202D1B5300BD3FD8 /* ProfileMenuViewController+UI.swift in Sources */,
				6E4236A4202C6AC400CE8D45 /* PinTableViewCell+UI.swift in Sources */,
				724AB076202BCB9C0000C431 /* ParametersManager.swift in Sources */,
				72FE9128202CC5ED00BD3FD8 /* PinCollectionViewCell.swift in Sources */,
				7214A84E20253110004360FD /* MediaReource.swift in Sources */,
				7214A84620252235004360FD /* Media.swift in Sources */,
				72FE9133202D02B500BD3FD8 /* ProfileMenuViewController.swift in Sources */,
				7287A802202276B7008C6938 /* AppDelegate.swift in Sources */,
				72FE912C202CCB8700BD3FD8 /* PhotosGridViewController+UI.swift in Sources */,
			);
			runOnlyForDeploymentPostprocessing = 0;
		};
		7287A80E202276B7008C6938 /* Sources */ = {
			isa = PBXSourcesBuildPhase;
			buildActionMask = 2147483647;
			files = (
				7287A817202276B7008C6938 /* NearInstagramTests.swift in Sources */,
			);
			runOnlyForDeploymentPostprocessing = 0;
		};
		7287A819202276B7008C6938 /* Sources */ = {
			isa = PBXSourcesBuildPhase;
			buildActionMask = 2147483647;
			files = (
				7287A822202276B7008C6938 /* NearInstagramUITests.swift in Sources */,
			);
			runOnlyForDeploymentPostprocessing = 0;
		};
/* End PBXSourcesBuildPhase section */

/* Begin PBXTargetDependency section */
		7287A814202276B7008C6938 /* PBXTargetDependency */ = {
			isa = PBXTargetDependency;
			target = 7287A7FD202276B7008C6938 /* NearInstagram */;
			targetProxy = 7287A813202276B7008C6938 /* PBXContainerItemProxy */;
		};
		7287A81F202276B7008C6938 /* PBXTargetDependency */ = {
			isa = PBXTargetDependency;
			target = 7287A7FD202276B7008C6938 /* NearInstagram */;
			targetProxy = 7287A81E202276B7008C6938 /* PBXContainerItemProxy */;
		};
/* End PBXTargetDependency section */

/* Begin PBXVariantGroup section */
		724AB06D202B72560000C431 /* Localizable.strings */ = {
			isa = PBXVariantGroup;
			children = (
				724AB06C202B72560000C431 /* en */,
				724AB06E202B72890000C431 /* Base */,
			);
			name = Localizable.strings;
			sourceTree = "<group>";
		};
		7287A80A202276B7008C6938 /* LaunchScreen.storyboard */ = {
			isa = PBXVariantGroup;
			children = (
				7287A80B202276B7008C6938 /* Base */,
			);
			name = LaunchScreen.storyboard;
			sourceTree = "<group>";
		};
/* End PBXVariantGroup section */

/* Begin XCBuildConfiguration section */
		7287A824202276B7008C6938 /* Debug */ = {
			isa = XCBuildConfiguration;
			buildSettings = {
				ALWAYS_SEARCH_USER_PATHS = NO;
				CLANG_ANALYZER_NONNULL = YES;
				CLANG_ANALYZER_NUMBER_OBJECT_CONVERSION = YES_AGGRESSIVE;
				CLANG_CXX_LANGUAGE_STANDARD = "gnu++14";
				CLANG_CXX_LIBRARY = "libc++";
				CLANG_ENABLE_MODULES = YES;
				CLANG_ENABLE_OBJC_ARC = YES;
				CLANG_WARN_BLOCK_CAPTURE_AUTORELEASING = YES;
				CLANG_WARN_BOOL_CONVERSION = YES;
				CLANG_WARN_COMMA = YES;
				CLANG_WARN_CONSTANT_CONVERSION = YES;
				CLANG_WARN_DIRECT_OBJC_ISA_USAGE = YES_ERROR;
				CLANG_WARN_DOCUMENTATION_COMMENTS = YES;
				CLANG_WARN_EMPTY_BODY = YES;
				CLANG_WARN_ENUM_CONVERSION = YES;
				CLANG_WARN_INFINITE_RECURSION = YES;
				CLANG_WARN_INT_CONVERSION = YES;
				CLANG_WARN_NON_LITERAL_NULL_CONVERSION = YES;
				CLANG_WARN_OBJC_LITERAL_CONVERSION = YES;
				CLANG_WARN_OBJC_ROOT_CLASS = YES_ERROR;
				CLANG_WARN_RANGE_LOOP_ANALYSIS = YES;
				CLANG_WARN_STRICT_PROTOTYPES = YES;
				CLANG_WARN_SUSPICIOUS_MOVE = YES;
				CLANG_WARN_UNGUARDED_AVAILABILITY = YES_AGGRESSIVE;
				CLANG_WARN_UNREACHABLE_CODE = YES;
				CLANG_WARN__DUPLICATE_METHOD_MATCH = YES;
				CODE_SIGN_IDENTITY = "iPhone Developer";
				COPY_PHASE_STRIP = NO;
				DEBUG_INFORMATION_FORMAT = dwarf;
				ENABLE_STRICT_OBJC_MSGSEND = YES;
				ENABLE_TESTABILITY = YES;
				GCC_C_LANGUAGE_STANDARD = gnu11;
				GCC_DYNAMIC_NO_PIC = NO;
				GCC_NO_COMMON_BLOCKS = YES;
				GCC_OPTIMIZATION_LEVEL = 0;
				GCC_PREPROCESSOR_DEFINITIONS = (
					"DEBUG=1",
					"$(inherited)",
				);
				GCC_WARN_64_TO_32_BIT_CONVERSION = YES;
				GCC_WARN_ABOUT_RETURN_TYPE = YES_ERROR;
				GCC_WARN_UNDECLARED_SELECTOR = YES;
				GCC_WARN_UNINITIALIZED_AUTOS = YES_AGGRESSIVE;
				GCC_WARN_UNUSED_FUNCTION = YES;
				GCC_WARN_UNUSED_VARIABLE = YES;
				IPHONEOS_DEPLOYMENT_TARGET = 11.2;
				MTL_ENABLE_DEBUG_INFO = YES;
				ONLY_ACTIVE_ARCH = YES;
				SDKROOT = iphoneos;
				SWIFT_ACTIVE_COMPILATION_CONDITIONS = DEBUG;
				SWIFT_OPTIMIZATION_LEVEL = "-Onone";
			};
			name = Debug;
		};
		7287A825202276B7008C6938 /* Release */ = {
			isa = XCBuildConfiguration;
			buildSettings = {
				ALWAYS_SEARCH_USER_PATHS = NO;
				CLANG_ANALYZER_NONNULL = YES;
				CLANG_ANALYZER_NUMBER_OBJECT_CONVERSION = YES_AGGRESSIVE;
				CLANG_CXX_LANGUAGE_STANDARD = "gnu++14";
				CLANG_CXX_LIBRARY = "libc++";
				CLANG_ENABLE_MODULES = YES;
				CLANG_ENABLE_OBJC_ARC = YES;
				CLANG_WARN_BLOCK_CAPTURE_AUTORELEASING = YES;
				CLANG_WARN_BOOL_CONVERSION = YES;
				CLANG_WARN_COMMA = YES;
				CLANG_WARN_CONSTANT_CONVERSION = YES;
				CLANG_WARN_DIRECT_OBJC_ISA_USAGE = YES_ERROR;
				CLANG_WARN_DOCUMENTATION_COMMENTS = YES;
				CLANG_WARN_EMPTY_BODY = YES;
				CLANG_WARN_ENUM_CONVERSION = YES;
				CLANG_WARN_INFINITE_RECURSION = YES;
				CLANG_WARN_INT_CONVERSION = YES;
				CLANG_WARN_NON_LITERAL_NULL_CONVERSION = YES;
				CLANG_WARN_OBJC_LITERAL_CONVERSION = YES;
				CLANG_WARN_OBJC_ROOT_CLASS = YES_ERROR;
				CLANG_WARN_RANGE_LOOP_ANALYSIS = YES;
				CLANG_WARN_STRICT_PROTOTYPES = YES;
				CLANG_WARN_SUSPICIOUS_MOVE = YES;
				CLANG_WARN_UNGUARDED_AVAILABILITY = YES_AGGRESSIVE;
				CLANG_WARN_UNREACHABLE_CODE = YES;
				CLANG_WARN__DUPLICATE_METHOD_MATCH = YES;
				CODE_SIGN_IDENTITY = "iPhone Developer";
				COPY_PHASE_STRIP = NO;
				DEBUG_INFORMATION_FORMAT = "dwarf-with-dsym";
				ENABLE_NS_ASSERTIONS = NO;
				ENABLE_STRICT_OBJC_MSGSEND = YES;
				GCC_C_LANGUAGE_STANDARD = gnu11;
				GCC_NO_COMMON_BLOCKS = YES;
				GCC_WARN_64_TO_32_BIT_CONVERSION = YES;
				GCC_WARN_ABOUT_RETURN_TYPE = YES_ERROR;
				GCC_WARN_UNDECLARED_SELECTOR = YES;
				GCC_WARN_UNINITIALIZED_AUTOS = YES_AGGRESSIVE;
				GCC_WARN_UNUSED_FUNCTION = YES;
				GCC_WARN_UNUSED_VARIABLE = YES;
				IPHONEOS_DEPLOYMENT_TARGET = 11.2;
				MTL_ENABLE_DEBUG_INFO = NO;
				SDKROOT = iphoneos;
				SWIFT_OPTIMIZATION_LEVEL = "-Owholemodule";
				VALIDATE_PRODUCT = YES;
			};
			name = Release;
		};
		7287A827202276B7008C6938 /* Debug */ = {
			isa = XCBuildConfiguration;
			baseConfigurationReference = F4652B95FE016840F93BD240 /* Pods-NearInstagram.debug.xcconfig */;
			buildSettings = {
				ASSETCATALOG_COMPILER_APPICON_NAME = AppIcon;
				CODE_SIGN_STYLE = Automatic;
				DEVELOPMENT_TEAM = SE4R93BJFB;
				INFOPLIST_FILE = NearInstagram/Info.plist;
				LD_RUNPATH_SEARCH_PATHS = "$(inherited) @executable_path/Frameworks";
				PRODUCT_BUNDLE_IDENTIFIER = com.nearsoft.NearInstagram;
				PRODUCT_NAME = "$(TARGET_NAME)";
				SWIFT_VERSION = 4.0;
				TARGETED_DEVICE_FAMILY = "1,2";
			};
			name = Debug;
		};
		7287A828202276B7008C6938 /* Release */ = {
			isa = XCBuildConfiguration;
			baseConfigurationReference = E8DCEC768AE506D1683AFB16 /* Pods-NearInstagram.release.xcconfig */;
			buildSettings = {
				ASSETCATALOG_COMPILER_APPICON_NAME = AppIcon;
				CODE_SIGN_STYLE = Automatic;
				DEVELOPMENT_TEAM = SE4R93BJFB;
				INFOPLIST_FILE = NearInstagram/Info.plist;
				LD_RUNPATH_SEARCH_PATHS = "$(inherited) @executable_path/Frameworks";
				PRODUCT_BUNDLE_IDENTIFIER = com.nearsoft.NearInstagram;
				PRODUCT_NAME = "$(TARGET_NAME)";
				SWIFT_VERSION = 4.0;
				TARGETED_DEVICE_FAMILY = "1,2";
			};
			name = Release;
		};
		7287A82A202276B7008C6938 /* Debug */ = {
			isa = XCBuildConfiguration;
			baseConfigurationReference = 9BEB8195384DEE7AD6E01637 /* Pods-NearInstagramTests.debug.xcconfig */;
			buildSettings = {
				ALWAYS_EMBED_SWIFT_STANDARD_LIBRARIES = YES;
				BUNDLE_LOADER = "$(TEST_HOST)";
				CODE_SIGN_STYLE = Automatic;
				INFOPLIST_FILE = NearInstagramTests/Info.plist;
				LD_RUNPATH_SEARCH_PATHS = "$(inherited) @executable_path/Frameworks @loader_path/Frameworks";
				PRODUCT_BUNDLE_IDENTIFIER = com.nearsoft.NearInstagramTests;
				PRODUCT_NAME = "$(TARGET_NAME)";
				SWIFT_VERSION = 4.0;
				TARGETED_DEVICE_FAMILY = "1,2";
				TEST_HOST = "$(BUILT_PRODUCTS_DIR)/NearInstagram.app/NearInstagram";
			};
			name = Debug;
		};
		7287A82B202276B7008C6938 /* Release */ = {
			isa = XCBuildConfiguration;
			baseConfigurationReference = B3C30FFB889416A325C4B17A /* Pods-NearInstagramTests.release.xcconfig */;
			buildSettings = {
				ALWAYS_EMBED_SWIFT_STANDARD_LIBRARIES = YES;
				BUNDLE_LOADER = "$(TEST_HOST)";
				CODE_SIGN_STYLE = Automatic;
				INFOPLIST_FILE = NearInstagramTests/Info.plist;
				LD_RUNPATH_SEARCH_PATHS = "$(inherited) @executable_path/Frameworks @loader_path/Frameworks";
				PRODUCT_BUNDLE_IDENTIFIER = com.nearsoft.NearInstagramTests;
				PRODUCT_NAME = "$(TARGET_NAME)";
				SWIFT_VERSION = 4.0;
				TARGETED_DEVICE_FAMILY = "1,2";
				TEST_HOST = "$(BUILT_PRODUCTS_DIR)/NearInstagram.app/NearInstagram";
			};
			name = Release;
		};
		7287A82D202276B7008C6938 /* Debug */ = {
			isa = XCBuildConfiguration;
			baseConfigurationReference = 0375687B5AA1B0C7C0B35158 /* Pods-NearInstagramUITests.debug.xcconfig */;
			buildSettings = {
				ALWAYS_EMBED_SWIFT_STANDARD_LIBRARIES = YES;
				CODE_SIGN_STYLE = Automatic;
				INFOPLIST_FILE = NearInstagramUITests/Info.plist;
				LD_RUNPATH_SEARCH_PATHS = "$(inherited) @executable_path/Frameworks @loader_path/Frameworks";
				PRODUCT_BUNDLE_IDENTIFIER = com.nearsoft.NearInstagramUITests;
				PRODUCT_NAME = "$(TARGET_NAME)";
				SWIFT_VERSION = 4.0;
				TARGETED_DEVICE_FAMILY = "1,2";
				TEST_TARGET_NAME = NearInstagram;
			};
			name = Debug;
		};
		7287A82E202276B7008C6938 /* Release */ = {
			isa = XCBuildConfiguration;
			baseConfigurationReference = A325EBFC510255A2A76924C0 /* Pods-NearInstagramUITests.release.xcconfig */;
			buildSettings = {
				ALWAYS_EMBED_SWIFT_STANDARD_LIBRARIES = YES;
				CODE_SIGN_STYLE = Automatic;
				INFOPLIST_FILE = NearInstagramUITests/Info.plist;
				LD_RUNPATH_SEARCH_PATHS = "$(inherited) @executable_path/Frameworks @loader_path/Frameworks";
				PRODUCT_BUNDLE_IDENTIFIER = com.nearsoft.NearInstagramUITests;
				PRODUCT_NAME = "$(TARGET_NAME)";
				SWIFT_VERSION = 4.0;
				TARGETED_DEVICE_FAMILY = "1,2";
				TEST_TARGET_NAME = NearInstagram;
			};
			name = Release;
		};
/* End XCBuildConfiguration section */

/* Begin XCConfigurationList section */
		7287A7F9202276B7008C6938 /* Build configuration list for PBXProject "NearInstagram" */ = {
			isa = XCConfigurationList;
			buildConfigurations = (
				7287A824202276B7008C6938 /* Debug */,
				7287A825202276B7008C6938 /* Release */,
			);
			defaultConfigurationIsVisible = 0;
			defaultConfigurationName = Release;
		};
		7287A826202276B7008C6938 /* Build configuration list for PBXNativeTarget "NearInstagram" */ = {
			isa = XCConfigurationList;
			buildConfigurations = (
				7287A827202276B7008C6938 /* Debug */,
				7287A828202276B7008C6938 /* Release */,
			);
			defaultConfigurationIsVisible = 0;
			defaultConfigurationName = Release;
		};
		7287A829202276B7008C6938 /* Build configuration list for PBXNativeTarget "NearInstagramTests" */ = {
			isa = XCConfigurationList;
			buildConfigurations = (
				7287A82A202276B7008C6938 /* Debug */,
				7287A82B202276B7008C6938 /* Release */,
			);
			defaultConfigurationIsVisible = 0;
			defaultConfigurationName = Release;
		};
		7287A82C202276B7008C6938 /* Build configuration list for PBXNativeTarget "NearInstagramUITests" */ = {
			isa = XCConfigurationList;
			buildConfigurations = (
				7287A82D202276B7008C6938 /* Debug */,
				7287A82E202276B7008C6938 /* Release */,
			);
			defaultConfigurationIsVisible = 0;
			defaultConfigurationName = Release;
		};
/* End XCConfigurationList section */
	};
	rootObject = 7287A7F6202276B7008C6938 /* Project object */;
}
